
Microsoft Visual Studio Solution File, Format Version 12.00
# Visual Studio Version 17
VisualStudioVersion = 17.1.32210.238
MinimumVisualStudioVersion = 10.0.40219.1
Project("{9A19103F-16F7-4668-BE54-9A1E7A4F7556}") = "ApiCodigosPenaisCda", "ApiCodigosPenaisCda\ApiCodigosPenaisCda.csproj", "{05FC204C-030E-412A-A68C-0CC5D17F52AD}"
EndProject
Project("{2150E333-8FDC-42A3-9474-1A3956D46DE8}") = "BLL", "BLL", "{90970AC8-6D75-4094-B6E8-E6B8C0976209}"
EndProject
Project("{2150E333-8FDC-42A3-9474-1A3956D46DE8}") = "DAL", "DAL", "{4EDF3C65-4B7C-45C4-89BD-73285A961042}"
EndProject
Project("{2150E333-8FDC-42A3-9474-1A3956D46DE8}") = "MODEL", "MODEL", "{20A1E9AA-A761-47BE-83D4-495D25D934EF}"
EndProject
Project("{2150E333-8FDC-42A3-9474-1A3956D46DE8}") = "UI", "UI", "{A74958C7-0B71-4599-958F-20E31333E1DA}"
EndProject
Project("{FAE04EC0-301F-11D3-BF4B-00C04F79EFBC}") = "Model", "Model\Model.csproj", "{9B436B3F-5A89-4EE9-8F33-2FC5C7F1D81B}"
EndProject
Project("{FAE04EC0-301F-11D3-BF4B-00C04F79EFBC}") = "Business", "Business\Business.csproj", "{D8813591-8A9E-4F50-BC85-2CEC0325DEEF}"
EndProject
Project("{FAE04EC0-301F-11D3-BF4B-00C04F79EFBC}") = "Data", "Data\Data.csproj", "{6B492349-FC2B-41B8-B876-5B38E2048688}"
EndProject
Global
	GlobalSection(SolutionConfigurationPlatforms) = preSolution
		Debug|Any CPU = Debug|Any CPU
		Release|Any CPU = Release|Any CPU
	EndGlobalSection
	GlobalSection(ProjectConfigurationPlatforms) = postSolution
		{05FC204C-030E-412A-A68C-0CC5D17F52AD}.Debug|Any CPU.ActiveCfg = Debug|Any CPU
		{05FC204C-030E-412A-A68C-0CC5D17F52AD}.Debug|Any CPU.Build.0 = Debug|Any CPU
		{05FC204C-030E-412A-A68C-0CC5D17F52AD}.Release|Any CPU.ActiveCfg = Release|Any CPU
		{05FC204C-030E-412A-A68C-0CC5D17F52AD}.Release|Any CPU.Build.0 = Release|Any CPU
		{9B436B3F-5A89-4EE9-8F33-2FC5C7F1D81B}.Debug|Any CPU.ActiveCfg = Debug|Any CPU
		{9B436B3F-5A89-4EE9-8F33-2FC5C7F1D81B}.Debug|Any CPU.Build.0 = Debug|Any CPU
		{9B436B3F-5A89-4EE9-8F33-2FC5C7F1D81B}.Release|Any CPU.ActiveCfg = Release|Any CPU
		{9B436B3F-5A89-4EE9-8F33-2FC5C7F1D81B}.Release|Any CPU.Build.0 = Release|Any CPU
		{D8813591-8A9E-4F50-BC85-2CEC0325DEEF}.Debug|Any CPU.ActiveCfg = Debug|Any CPU
		{D8813591-8A9E-4F50-BC85-2CEC0325DEEF}.Debug|Any CPU.Build.0 = Debug|Any CPU
		{D8813591-8A9E-4F50-BC85-2CEC0325DEEF}.Release|Any CPU.ActiveCfg = Release|Any CPU
		{D8813591-8A9E-4F50-BC85-2CEC0325DEEF}.Release|Any CPU.Build.0 = Release|Any CPU
		{6B492349-FC2B-41B8-B876-5B38E2048688}.Debug|Any CPU.ActiveCfg = Debug|Any CPU
		{6B492349-FC2B-41B8-B876-5B38E2048688}.Debug|Any CPU.Build.0 = Debug|Any CPU
		{6B492349-FC2B-41B8-B876-5B38E2048688}.Release|Any CPU.ActiveCfg = Release|Any CPU
		{6B492349-FC2B-41B8-B876-5B38E2048688}.Release|Any CPU.Build.0 = Release|Any CPU
	EndGlobalSection
	GlobalSection(SolutionProperties) = preSolution
		HideSolutionNode = FALSE
	EndGlobalSection
	GlobalSection(NestedProjects) = preSolution
		{05FC204C-030E-412A-A68C-0CC5D17F52AD} = {A74958C7-0B71-4599-958F-20E31333E1DA}
		{9B436B3F-5A89-4EE9-8F33-2FC5C7F1D81B} = {20A1E9AA-A761-47BE-83D4-495D25D934EF}
		{D8813591-8A9E-4F50-BC85-2CEC0325DEEF} = {90970AC8-6D75-4094-B6E8-E6B8C0976209}
		{6B492349-FC2B-41B8-B876-5B38E2048688} = {4EDF3C65-4B7C-45C4-89BD-73285A961042}
	EndGlobalSection
	GlobalSection(ExtensibilityGlobals) = postSolution
		SolutionGuid = {59E09127-E381-442E-A1FD-1111EF3845CD}
	EndGlobalSection
EndGlobal
